// !$*UTF8*$!
{
	archiveVersion = 1;
	classes = {
	};
	objectVersion = 48;
	objects = {

/* Begin PBXBuildFile section */
		DD2B674F1FF2D8E50012B757 /* Settingsmenu.swift in Sources */ = {isa = PBXBuildFile; fileRef = DD2B674E1FF2D8E50012B757 /* Settingsmenu.swift */; };
		DD9518F7205ACBB200F805E8 /* NormalScene.swift in Sources */ = {isa = PBXBuildFile; fileRef = DD9518F6205ACBB200F805E8 /* NormalScene.swift */; };
		DD9518F9205ACBBF00F805E8 /* TimeScene.swift in Sources */ = {isa = PBXBuildFile; fileRef = DD9518F8205ACBBF00F805E8 /* TimeScene.swift */; };
		DD9518FB205ACBE000F805E8 /* MonoScene.swift in Sources */ = {isa = PBXBuildFile; fileRef = DD9518FA205ACBE000F805E8 /* MonoScene.swift */; };
		DD9518FD205ACC0300F805E8 /* SpecialScene.swift in Sources */ = {isa = PBXBuildFile; fileRef = DD9518FC205ACC0300F805E8 /* SpecialScene.swift */; };
		DD9518FF205AD25A00F805E8 /* NormalScene.sks in Resources */ = {isa = PBXBuildFile; fileRef = DD9518FE205AD25A00F805E8 /* NormalScene.sks */; };
		DD951901205AD2C300F805E8 /* TimeScene.sks in Resources */ = {isa = PBXBuildFile; fileRef = DD951900205AD2C300F805E8 /* TimeScene.sks */; };
		DDC4AB6C205ADBC500E7FE85 /* MonoScene.sks in Resources */ = {isa = PBXBuildFile; fileRef = DDC4AB6B205ADBC500E7FE85 /* MonoScene.sks */; };
		DDC4AB6E205ADBDD00E7FE85 /* SpecialScene.sks in Resources */ = {isa = PBXBuildFile; fileRef = DDC4AB6D205ADBDD00E7FE85 /* SpecialScene.sks */; };
		DDC4AB70205AE04500E7FE85 /* GameScene.swift in Sources */ = {isa = PBXBuildFile; fileRef = DDC4AB6F205AE04500E7FE85 /* GameScene.swift */; };
		DDC4AB73205AE2FE00E7FE85 /* StartBanner.swift in Sources */ = {isa = PBXBuildFile; fileRef = DDC4AB72205AE2FE00E7FE85 /* StartBanner.swift */; };
		DDC699D51FEF232200F104F5 /* AppDelegate.swift in Sources */ = {isa = PBXBuildFile; fileRef = DDC699D41FEF232200F104F5 /* AppDelegate.swift */; };
		DDC699D71FEF232200F104F5 /* MenuScene.sks in Resources */ = {isa = PBXBuildFile; fileRef = DDC699D61FEF232200F104F5 /* MenuScene.sks */; };
		DDC699D91FEF232200F104F5 /* Actions.sks in Resources */ = {isa = PBXBuildFile; fileRef = DDC699D81FEF232200F104F5 /* Actions.sks */; };
		DDC699DB1FEF232200F104F5 /* TemplateScene.swift in Sources */ = {isa = PBXBuildFile; fileRef = DDC699DA1FEF232200F104F5 /* TemplateScene.swift */; };
		DDC699DD1FEF232200F104F5 /* GameViewController.swift in Sources */ = {isa = PBXBuildFile; fileRef = DDC699DC1FEF232200F104F5 /* GameViewController.swift */; };
		DDC699E01FEF232200F104F5 /* Main.storyboard in Resources */ = {isa = PBXBuildFile; fileRef = DDC699DE1FEF232200F104F5 /* Main.storyboard */; };
		DDC699E21FEF232200F104F5 /* Assets.xcassets in Resources */ = {isa = PBXBuildFile; fileRef = DDC699E11FEF232200F104F5 /* Assets.xcassets */; };
		DDC699E51FEF232200F104F5 /* LaunchScreen.storyboard in Resources */ = {isa = PBXBuildFile; fileRef = DDC699E31FEF232200F104F5 /* LaunchScreen.storyboard */; };
		DDE922E51FEFBB5B00181F68 /* MenuScene.swift in Sources */ = {isa = PBXBuildFile; fileRef = DDE922E41FEFBB5B00181F68 /* MenuScene.swift */; };
		DDE922E71FF15E8B00181F68 /* Helper.swift in Sources */ = {isa = PBXBuildFile; fileRef = DDE922E61FF15E8B00181F68 /* Helper.swift */; };
		DDE922E91FF1D24800181F68 /* MenuCard.swift in Sources */ = {isa = PBXBuildFile; fileRef = DDE922E81FF1D24800181F68 /* MenuCard.swift */; };
/* End PBXBuildFile section */

/* Begin PBXFileReference section */
		DD2B674E1FF2D8E50012B757 /* Settingsmenu.swift */ = {isa = PBXFileReference; lastKnownFileType = sourcecode.swift; path = Settingsmenu.swift; sourceTree = "<group>"; };
		DD9518F6205ACBB200F805E8 /* NormalScene.swift */ = {isa = PBXFileReference; lastKnownFileType = sourcecode.swift; path = NormalScene.swift; sourceTree = "<group>"; };
		DD9518F8205ACBBF00F805E8 /* TimeScene.swift */ = {isa = PBXFileReference; lastKnownFileType = sourcecode.swift; path = TimeScene.swift; sourceTree = "<group>"; };
		DD9518FA205ACBE000F805E8 /* MonoScene.swift */ = {isa = PBXFileReference; lastKnownFileType = sourcecode.swift; path = MonoScene.swift; sourceTree = "<group>"; };
		DD9518FC205ACC0300F805E8 /* SpecialScene.swift */ = {isa = PBXFileReference; lastKnownFileType = sourcecode.swift; path = SpecialScene.swift; sourceTree = "<group>"; };
		DD9518FE205AD25A00F805E8 /* NormalScene.sks */ = {isa = PBXFileReference; lastKnownFileType = file.sks; path = NormalScene.sks; sourceTree = "<group>"; };
		DD951900205AD2C300F805E8 /* TimeScene.sks */ = {isa = PBXFileReference; lastKnownFileType = file.sks; path = TimeScene.sks; sourceTree = "<group>"; };
		DDC4AB6B205ADBC500E7FE85 /* MonoScene.sks */ = {isa = PBXFileReference; lastKnownFileType = file.sks; path = MonoScene.sks; sourceTree = "<group>"; };
		DDC4AB6D205ADBDD00E7FE85 /* SpecialScene.sks */ = {isa = PBXFileReference; lastKnownFileType = file.sks; path = SpecialScene.sks; sourceTree = "<group>"; };
		DDC4AB6F205AE04500E7FE85 /* GameScene.swift */ = {isa = PBXFileReference; lastKnownFileType = sourcecode.swift; path = GameScene.swift; sourceTree = "<group>"; };
		DDC4AB72205AE2FE00E7FE85 /* StartBanner.swift */ = {isa = PBXFileReference; lastKnownFileType = sourcecode.swift; path = StartBanner.swift; sourceTree = "<group>"; };
		DDC699D11FEF232200F104F5 /* mindgon.app */ = {isa = PBXFileReference; explicitFileType = wrapper.application; includeInIndex = 0; path = mindgon.app; sourceTree = BUILT_PRODUCTS_DIR; };
		DDC699D41FEF232200F104F5 /* AppDelegate.swift */ = {isa = PBXFileReference; lastKnownFileType = sourcecode.swift; path = AppDelegate.swift; sourceTree = "<group>"; };
		DDC699D61FEF232200F104F5 /* MenuScene.sks */ = {isa = PBXFileReference; lastKnownFileType = file.sks; path = MenuScene.sks; sourceTree = "<group>"; };
		DDC699D81FEF232200F104F5 /* Actions.sks */ = {isa = PBXFileReference; lastKnownFileType = file.sks; path = Actions.sks; sourceTree = "<group>"; };
		DDC699DA1FEF232200F104F5 /* TemplateScene.swift */ = {isa = PBXFileReference; lastKnownFileType = sourcecode.swift; path = TemplateScene.swift; sourceTree = "<group>"; };
		DDC699DC1FEF232200F104F5 /* GameViewController.swift */ = {isa = PBXFileReference; lastKnownFileType = sourcecode.swift; path = GameViewController.swift; sourceTree = "<group>"; };
		DDC699DF1FEF232200F104F5 /* Base */ = {isa = PBXFileReference; lastKnownFileType = file.storyboard; name = Base; path = Base.lproj/Main.storyboard; sourceTree = "<group>"; };
		DDC699E11FEF232200F104F5 /* Assets.xcassets */ = {isa = PBXFileReference; lastKnownFileType = folder.assetcatalog; path = Assets.xcassets; sourceTree = "<group>"; };
		DDC699E41FEF232200F104F5 /* Base */ = {isa = PBXFileReference; lastKnownFileType = file.storyboard; name = Base; path = Base.lproj/LaunchScreen.storyboard; sourceTree = "<group>"; };
		DDC699E61FEF232200F104F5 /* Info.plist */ = {isa = PBXFileReference; lastKnownFileType = text.plist.xml; path = Info.plist; sourceTree = "<group>"; };
		DDE922E41FEFBB5B00181F68 /* MenuScene.swift */ = {isa = PBXFileReference; lastKnownFileType = sourcecode.swift; path = MenuScene.swift; sourceTree = "<group>"; };
		DDE922E61FF15E8B00181F68 /* Helper.swift */ = {isa = PBXFileReference; lastKnownFileType = sourcecode.swift; path = Helper.swift; sourceTree = "<group>"; };
		DDE922E81FF1D24800181F68 /* MenuCard.swift */ = {isa = PBXFileReference; lastKnownFileType = sourcecode.swift; path = MenuCard.swift; sourceTree = "<group>"; };
/* End PBXFileReference section */

/* Begin PBXFrameworksBuildPhase section */
		DDC699CE1FEF232200F104F5 /* Frameworks */ = {
			isa = PBXFrameworksBuildPhase;
			buildActionMask = 2147483647;
			files = (
			);
			runOnlyForDeploymentPostprocessing = 0;
		};
/* End PBXFrameworksBuildPhase section */

/* Begin PBXGroup section */
		DD9518F5205ACB7500F805E8 /* GameScenes */ = {
			isa = PBXGroup;
			children = (
				DDC4AB71205AE2E000E7FE85 /* Game */,
				DD9518F6205ACBB200F805E8 /* NormalScene.swift */,
				DD9518FE205AD25A00F805E8 /* NormalScene.sks */,
				DD9518F8205ACBBF00F805E8 /* TimeScene.swift */,
				DD951900205AD2C300F805E8 /* TimeScene.sks */,
				DD9518FA205ACBE000F805E8 /* MonoScene.swift */,
				DDC4AB6B205ADBC500E7FE85 /* MonoScene.sks */,
				DD9518FC205ACC0300F805E8 /* SpecialScene.swift */,
				DDC4AB6D205ADBDD00E7FE85 /* SpecialScene.sks */,
			);
			path = GameScenes;
			sourceTree = "<group>";
		};
		DDAA4683205AB41C00F924C3 /* Menue */ = {
			isa = PBXGroup;
			children = (
				DDC699D61FEF232200F104F5 /* MenuScene.sks */,
				DDE922E41FEFBB5B00181F68 /* MenuScene.swift */,
				DDE922E81FF1D24800181F68 /* MenuCard.swift */,
				DD2B674E1FF2D8E50012B757 /* Settingsmenu.swift */,
			);
			path = Menue;
			sourceTree = "<group>";
		};
		DDC4AB71205AE2E000E7FE85 /* Game */ = {
			isa = PBXGroup;
			children = (
				DDC4AB6F205AE04500E7FE85 /* GameScene.swift */,
				DDC4AB72205AE2FE00E7FE85 /* StartBanner.swift */,
			);
			path = Game;
			sourceTree = "<group>";
		};
		DDC699C81FEF232200F104F5 = {
			isa = PBXGroup;
			children = (
				DDC699D31FEF232200F104F5 /* mindgon */,
				DDC699D21FEF232200F104F5 /* Products */,
			);
			sourceTree = "<group>";
		};
		DDC699D21FEF232200F104F5 /* Products */ = {
			isa = PBXGroup;
			children = (
				DDC699D11FEF232200F104F5 /* mindgon.app */,
			);
			name = Products;
			sourceTree = "<group>";
		};
		DDC699D31FEF232200F104F5 /* mindgon */ = {
			isa = PBXGroup;
			children = (
				DDC699D41FEF232200F104F5 /* AppDelegate.swift */,
				DDC699D81FEF232200F104F5 /* Actions.sks */,
				DDC699E11FEF232200F104F5 /* Assets.xcassets */,
				DDE922E61FF15E8B00181F68 /* Helper.swift */,
				DDC699DC1FEF232200F104F5 /* GameViewController.swift */,
				DDAA4683205AB41C00F924C3 /* Menue */,
				DD9518F5205ACB7500F805E8 /* GameScenes */,
				DDC699DA1FEF232200F104F5 /* TemplateScene.swift */,
				DDC699E61FEF232200F104F5 /* Info.plist */,
				DDC699E31FEF232200F104F5 /* LaunchScreen.storyboard */,
				DDC699DE1FEF232200F104F5 /* Main.storyboard */,
			);
			path = mindgon;
			sourceTree = "<group>";
		};
/* End PBXGroup section */

/* Begin PBXNativeTarget section */
		DDC699D01FEF232200F104F5 /* mindgon */ = {
			isa = PBXNativeTarget;
			buildConfigurationList = DDC699E91FEF232200F104F5 /* Build configuration list for PBXNativeTarget "mindgon" */;
			buildPhases = (
				DDC699CD1FEF232200F104F5 /* Sources */,
				DDC699CE1FEF232200F104F5 /* Frameworks */,
				DDC699CF1FEF232200F104F5 /* Resources */,
				DDC699EC1FEF236700F104F5 /* Increment build number */,
			);
			buildRules = (
			);
			dependencies = (
			);
			name = mindgon;
			productName = mindgon;
			productReference = DDC699D11FEF232200F104F5 /* mindgon.app */;
			productType = "com.apple.product-type.application";
		};
/* End PBXNativeTarget section */

/* Begin PBXProject section */
		DDC699C91FEF232200F104F5 /* Project object */ = {
			isa = PBXProject;
			attributes = {
				LastSwiftUpdateCheck = 0920;
				LastUpgradeCheck = 0920;
				ORGANIZATIONNAME = bambuzleapps;
				TargetAttributes = {
					DDC699D01FEF232200F104F5 = {
						CreatedOnToolsVersion = 9.2;
						ProvisioningStyle = Automatic;
					};
				};
			};
			buildConfigurationList = DDC699CC1FEF232200F104F5 /* Build configuration list for PBXProject "mindgon" */;
			compatibilityVersion = "Xcode 8.0";
			developmentRegion = en;
			hasScannedForEncodings = 0;
			knownRegions = (
				en,
				Base,
			);
			mainGroup = DDC699C81FEF232200F104F5;
			productRefGroup = DDC699D21FEF232200F104F5 /* Products */;
			projectDirPath = "";
			projectRoot = "";
			targets = (
				DDC699D01FEF232200F104F5 /* mindgon */,
			);
		};
/* End PBXProject section */

/* Begin PBXResourcesBuildPhase section */
		DDC699CF1FEF232200F104F5 /* Resources */ = {
			isa = PBXResourcesBuildPhase;
			buildActionMask = 2147483647;
			files = (
				DDC699E01FEF232200F104F5 /* Main.storyboard in Resources */,
				DD9518FF205AD25A00F805E8 /* NormalScene.sks in Resources */,
				DDC699D71FEF232200F104F5 /* MenuScene.sks in Resources */,
				DDC4AB6C205ADBC500E7FE85 /* MonoScene.sks in Resources */,
				DDC4AB6E205ADBDD00E7FE85 /* SpecialScene.sks in Resources */,
				DDC699E21FEF232200F104F5 /* Assets.xcassets in Resources */,
				DDC699E51FEF232200F104F5 /* LaunchScreen.storyboard in Resources */,
				DD951901205AD2C300F805E8 /* TimeScene.sks in Resources */,
				DDC699D91FEF232200F104F5 /* Actions.sks in Resources */,
			);
			runOnlyForDeploymentPostprocessing = 0;
		};
/* End PBXResourcesBuildPhase section */

/* Begin PBXShellScriptBuildPhase section */
		DDC699EC1FEF236700F104F5 /* Increment build number */ = {
			isa = PBXShellScriptBuildPhase;
			buildActionMask = 2147483647;
			files = (
			);
			inputPaths = (
			);
			name = "Increment build number";
			outputPaths = (
			);
			runOnlyForDeploymentPostprocessing = 0;
			shellPath = /bin/sh;
			shellScript = "buildNumber=$(/usr/libexec/PlistBuddy -c \"Print CFBundleVersion\" \"${PROJECT_DIR}/${INFOPLIST_FILE}\")\nbuildNumber=$(($buildNumber + 1))\n/usr/libexec/PlistBuddy -c \"Set :CFBundleVersion $buildNumber\" \"${PROJECT_DIR}/${INFOPLIST_FILE}\"";
		};
/* End PBXShellScriptBuildPhase section */

/* Begin PBXSourcesBuildPhase section */
		DDC699CD1FEF232200F104F5 /* Sources */ = {
			isa = PBXSourcesBuildPhase;
			buildActionMask = 2147483647;
			files = (
				DDC699DB1FEF232200F104F5 /* TemplateScene.swift in Sources */,
				DD9518FB205ACBE000F805E8 /* MonoScene.swift in Sources */,
				DD2B674F1FF2D8E50012B757 /* Settingsmenu.swift in Sources */,
				DD9518FD205ACC0300F805E8 /* SpecialScene.swift in Sources */,
				DDC699DD1FEF232200F104F5 /* GameViewController.swift in Sources */,
				DDC4AB73205AE2FE00E7FE85 /* StartBanner.swift in Sources */,
				DD9518F7205ACBB200F805E8 /* NormalScene.swift in Sources */,
				DDC4AB70205AE04500E7FE85 /* GameScene.swift in Sources */,
				DDE922E91FF1D24800181F68 /* MenuCard.swift in Sources */,
				DD9518F9205ACBBF00F805E8 /* TimeScene.swift in Sources */,
				DDE922E71FF15E8B00181F68 /* Helper.swift in Sources */,
				DDC699D51FEF232200F104F5 /* AppDelegate.swift in Sources */,
				DDE922E51FEFBB5B00181F68 /* MenuScene.swift in Sources */,
			);
			runOnlyForDeploymentPostprocessing = 0;
		};
/* End PBXSourcesBuildPhase section */

/* Begin PBXVariantGroup section */
		DDC699DE1FEF232200F104F5 /* Main.storyboard */ = {
			isa = PBXVariantGroup;
			children = (
				DDC699DF1FEF232200F104F5 /* Base */,
			);
			name = Main.storyboard;
			sourceTree = "<group>";
		};
		DDC699E31FEF232200F104F5 /* LaunchScreen.storyboard */ = {
			isa = PBXVariantGroup;
			children = (
				DDC699E41FEF232200F104F5 /* Base */,
			);
			name = LaunchScreen.storyboard;
			sourceTree = "<group>";
		};
/* End PBXVariantGroup section */

/* Begin XCBuildConfiguration section */
		DDC699E71FEF232200F104F5 /* Debug */ = {
			isa = XCBuildConfiguration;
			buildSettings = {
				ALWAYS_SEARCH_USER_PATHS = NO;
				CLANG_ANALYZER_NONNULL = YES;
				CLANG_ANALYZER_NUMBER_OBJECT_CONVERSION = YES_AGGRESSIVE;
				CLANG_CXX_LANGUAGE_STANDARD = "gnu++14";
				CLANG_CXX_LIBRARY = "libc++";
				CLANG_ENABLE_MODULES = YES;
				CLANG_ENABLE_OBJC_ARC = YES;
				CLANG_WARN_BLOCK_CAPTURE_AUTORELEASING = YES;
				CLANG_WARN_BOOL_CONVERSION = YES;
				CLANG_WARN_COMMA = YES;
				CLANG_WARN_CONSTANT_CONVERSION = YES;
				CLANG_WARN_DIRECT_OBJC_ISA_USAGE = YES_ERROR;
				CLANG_WARN_DOCUMENTATION_COMMENTS = YES;
				CLANG_WARN_EMPTY_BODY = YES;
				CLANG_WARN_ENUM_CONVERSION = YES;
				CLANG_WARN_INFINITE_RECURSION = YES;
				CLANG_WARN_INT_CONVERSION = YES;
				CLANG_WARN_NON_LITERAL_NULL_CONVERSION = YES;
				CLANG_WARN_OBJC_LITERAL_CONVERSION = YES;
				CLANG_WARN_OBJC_ROOT_CLASS = YES_ERROR;
				CLANG_WARN_RANGE_LOOP_ANALYSIS = YES;
				CLANG_WARN_STRICT_PROTOTYPES = YES;
				CLANG_WARN_SUSPICIOUS_MOVE = YES;
				CLANG_WARN_UNGUARDED_AVAILABILITY = YES_AGGRESSIVE;
				CLANG_WARN_UNREACHABLE_CODE = YES;
				CLANG_WARN__DUPLICATE_METHOD_MATCH = YES;
				CODE_SIGN_IDENTITY = "iPhone Developer";
				COPY_PHASE_STRIP = NO;
				DEBUG_INFORMATION_FORMAT = dwarf;
				ENABLE_STRICT_OBJC_MSGSEND = YES;
				ENABLE_TESTABILITY = YES;
				GCC_C_LANGUAGE_STANDARD = gnu11;
				GCC_DYNAMIC_NO_PIC = NO;
				GCC_NO_COMMON_BLOCKS = YES;
				GCC_OPTIMIZATION_LEVEL = 0;
				GCC_PREPROCESSOR_DEFINITIONS = (
					"DEBUG=1",
					"$(inherited)",
				);
				GCC_WARN_64_TO_32_BIT_CONVERSION = YES;
				GCC_WARN_ABOUT_RETURN_TYPE = YES_ERROR;
				GCC_WARN_UNDECLARED_SELECTOR = YES;
				GCC_WARN_UNINITIALIZED_AUTOS = YES_AGGRESSIVE;
				GCC_WARN_UNUSED_FUNCTION = YES;
				GCC_WARN_UNUSED_VARIABLE = YES;
				IPHONEOS_DEPLOYMENT_TARGET = 11.2;
				MTL_ENABLE_DEBUG_INFO = YES;
				ONLY_ACTIVE_ARCH = YES;
				SDKROOT = iphoneos;
				SWIFT_ACTIVE_COMPILATION_CONDITIONS = DEBUG;
				SWIFT_OPTIMIZATION_LEVEL = "-Onone";
			};
			name = Debug;
		};
		DDC699E81FEF232200F104F5 /* Release */ = {
			isa = XCBuildConfiguration;
			buildSettings = {
				ALWAYS_SEARCH_USER_PATHS = NO;
				CLANG_ANALYZER_NONNULL = YES;
				CLANG_ANALYZER_NUMBER_OBJECT_CONVERSION = YES_AGGRESSIVE;
				CLANG_CXX_LANGUAGE_STANDARD = "gnu++14";
				CLANG_CXX_LIBRARY = "libc++";
				CLANG_ENABLE_MODULES = YES;
				CLANG_ENABLE_OBJC_ARC = YES;
				CLANG_WARN_BLOCK_CAPTURE_AUTORELEASING = YES;
				CLANG_WARN_BOOL_CONVERSION = YES;
				CLANG_WARN_COMMA = YES;
				CLANG_WARN_CONSTANT_CONVERSION = YES;
				CLANG_WARN_DIRECT_OBJC_ISA_USAGE = YES_ERROR;
				CLANG_WARN_DOCUMENTATION_COMMENTS = YES;
				CLANG_WARN_EMPTY_BODY = YES;
				CLANG_WARN_ENUM_CONVERSION = YES;
				CLANG_WARN_INFINITE_RECURSION = YES;
				CLANG_WARN_INT_CONVERSION = YES;
				CLANG_WARN_NON_LITERAL_NULL_CONVERSION = YES;
				CLANG_WARN_OBJC_LITERAL_CONVERSION = YES;
				CLANG_WARN_OBJC_ROOT_CLASS = YES_ERROR;
				CLANG_WARN_RANGE_LOOP_ANALYSIS = YES;
				CLANG_WARN_STRICT_PROTOTYPES = YES;
				CLANG_WARN_SUSPICIOUS_MOVE = YES;
				CLANG_WARN_UNGUARDED_AVAILABILITY = YES_AGGRESSIVE;
				CLANG_WARN_UNREACHABLE_CODE = YES;
				CLANG_WARN__DUPLICATE_METHOD_MATCH = YES;
				CODE_SIGN_IDENTITY = "iPhone Developer";
				COPY_PHASE_STRIP = NO;
				DEBUG_INFORMATION_FORMAT = "dwarf-with-dsym";
				ENABLE_NS_ASSERTIONS = NO;
				ENABLE_STRICT_OBJC_MSGSEND = YES;
				GCC_C_LANGUAGE_STANDARD = gnu11;
				GCC_NO_COMMON_BLOCKS = YES;
				GCC_WARN_64_TO_32_BIT_CONVERSION = YES;
				GCC_WARN_ABOUT_RETURN_TYPE = YES_ERROR;
				GCC_WARN_UNDECLARED_SELECTOR = YES;
				GCC_WARN_UNINITIALIZED_AUTOS = YES_AGGRESSIVE;
				GCC_WARN_UNUSED_FUNCTION = YES;
				GCC_WARN_UNUSED_VARIABLE = YES;
				IPHONEOS_DEPLOYMENT_TARGET = 11.2;
				MTL_ENABLE_DEBUG_INFO = NO;
				SDKROOT = iphoneos;
				SWIFT_OPTIMIZATION_LEVEL = "-Owholemodule";
				VALIDATE_PRODUCT = YES;
			};
			name = Release;
		};
		DDC699EA1FEF232200F104F5 /* Debug */ = {
			isa = XCBuildConfiguration;
			buildSettings = {
				ASSETCATALOG_COMPILER_APPICON_NAME = AppIcon;
				CODE_SIGN_STYLE = Automatic;
				DEVELOPMENT_TEAM = 82JF6LTTY8;
				INFOPLIST_FILE = mindgon/Info.plist;
				LD_RUNPATH_SEARCH_PATHS = "$(inherited) @executable_path/Frameworks";
				PRODUCT_BUNDLE_IDENTIFIER = de.bambuzleapps.mindgon;
				PRODUCT_NAME = "$(TARGET_NAME)";
				SWIFT_VERSION = 4.0;
				TARGETED_DEVICE_FAMILY = 1;
			};
			name = Debug;
		};
		DDC699EB1FEF232200F104F5 /* Release */ = {
			isa = XCBuildConfiguration;
			buildSettings = {
				ASSETCATALOG_COMPILER_APPICON_NAME = AppIcon;
				CODE_SIGN_STYLE = Automatic;
				DEVELOPMENT_TEAM = 82JF6LTTY8;
				INFOPLIST_FILE = mindgon/Info.plist;
				LD_RUNPATH_SEARCH_PATHS = "$(inherited) @executable_path/Frameworks";
				PRODUCT_BUNDLE_IDENTIFIER = de.bambuzleapps.mindgon;
				PRODUCT_NAME = "$(TARGET_NAME)";
				SWIFT_VERSION = 4.0;
				TARGETED_DEVICE_FAMILY = 1;
			};
			name = Release;
		};
/* End XCBuildConfiguration section */

/* Begin XCConfigurationList section */
		DDC699CC1FEF232200F104F5 /* Build configuration list for PBXProject "mindgon" */ = {
			isa = XCConfigurationList;
			buildConfigurations = (
				DDC699E71FEF232200F104F5 /* Debug */,
				DDC699E81FEF232200F104F5 /* Release */,
			);
			defaultConfigurationIsVisible = 0;
			defaultConfigurationName = Release;
		};
		DDC699E91FEF232200F104F5 /* Build configuration list for PBXNativeTarget "mindgon" */ = {
			isa = XCConfigurationList;
			buildConfigurations = (
				DDC699EA1FEF232200F104F5 /* Debug */,
				DDC699EB1FEF232200F104F5 /* Release */,
			);
			defaultConfigurationIsVisible = 0;
			defaultConfigurationName = Release;
		};
/* End XCConfigurationList section */
	};
	rootObject = DDC699C91FEF232200F104F5 /* Project object */;
}
